# This file is automatically @generated by Cargo.
# It is not intended for manual editing.
version = 4

[[package]]
name = "datasketches"
version = "0.1.0"
dependencies = [
 "mur3",
]

[[package]]
name = "mur3"
version = "0.1.0"
source = "registry+https://github.com/rust-lang/crates.io-index"
checksum = "97af489e1e21b68de4c390ecca6703318bc1aa16e9733bcb62c089b73c6fbb1b"
